
Microsoft Visual Studio Solution File, Format Version 12.00
# Visual Studio Version 17
VisualStudioVersion = 17.14.36915.13 d17.14
MinimumVisualStudioVersion = 10.0.40219.1
Project("{8BC9CEB8-8B4A-11D0-8D11-00A0C91BC942}") = "Frequency_Of_a_Element", "Frequency_Of_a_Element.vcxproj", "{23047B12-28B0-4440-9196-3AAE431BB8FE}"
EndProject
Global
	GlobalSection(SolutionConfigurationPlatforms) = preSolution
		Debug|x64 = Debug|x64
		Debug|x86 = Debug|x86
		Release|x64 = Release|x64
		Release|x86 = Release|x86
	EndGlobalSection
	GlobalSection(ProjectConfigurationPlatforms) = postSolution
		{23047B12-28B0-4440-9196-3AAE431BB8FE}.Debug|x64.ActiveCfg = Debug|x64
		{23047B12-28B0-4440-9196-3AAE431BB8FE}.Debug|x64.Build.0 = Debug|x64
		{23047B12-28B0-4440-9196-3AAE431BB8FE}.Debug|x86.ActiveCfg = Debug|Win32
		{23047B12-28B0-4440-9196-3AAE431BB8FE}.Debug|x86.Build.0 = Debug|Win32
		{23047B12-28B0-4440-9196-3AAE431BB8FE}.Release|x64.ActiveCfg = Release|x64
		{23047B12-28B0-4440-9196-3AAE431BB8FE}.Release|x64.Build.0 = Release|x64
		{23047B12-28B0-4440-9196-3AAE431BB8FE}.Release|x86.ActiveCfg = Release|Win32
		{23047B12-28B0-4440-9196-3AAE431BB8FE}.Release|x86.Build.0 = Release|Win32
	EndGlobalSection
	GlobalSection(SolutionProperties) = preSolution
		HideSolutionNode = FALSE
	EndGlobalSection
	GlobalSection(ExtensibilityGlobals) = postSolution
		SolutionGuid = {8CBE4909-1320-45C6-ADDB-DE10E3F5D84D}
	EndGlobalSection
EndGlobal
